
Microsoft Visual Studio Solution File, Format Version 12.00
# Visual Studio Version 17
VisualStudioVersion = 17.12.35506.116 d17.12
MinimumVisualStudioVersion = 10.0.40219.1
Project("{FAE04EC0-301F-11D3-BF4B-00C04F79EFBC}") = "swqt_mkr_1", "swqt_mkr_1\swqt_mkr_1.csproj", "{BF75EC19-D90B-47FB-85B8-8CBB0EE95DBB}"
EndProject
Global
	GlobalSection(SolutionConfigurationPlatforms) = preSolution
		Debug|Any CPU = Debug|Any CPU
		Release|Any CPU = Release|Any CPU
	EndGlobalSection
	GlobalSection(ProjectConfigurationPlatforms) = postSolution
		{BF75EC19-D90B-47FB-85B8-8CBB0EE95DBB}.Debug|Any CPU.ActiveCfg = Debug|Any CPU
		{BF75EC19-D90B-47FB-85B8-8CBB0EE95DBB}.Debug|Any CPU.Build.0 = Debug|Any CPU
		{BF75EC19-D90B-47FB-85B8-8CBB0EE95DBB}.Release|Any CPU.ActiveCfg = Release|Any CPU
		{BF75EC19-D90B-47FB-85B8-8CBB0EE95DBB}.Release|Any CPU.Build.0 = Release|Any CPU
	EndGlobalSection
	GlobalSection(SolutionProperties) = preSolution
		HideSolutionNode = FALSE
	EndGlobalSection
EndGlobal
